
Microsoft Visual Studio Solution File, Format Version 12.00
# Visual Studio Version 17
VisualStudioVersion = 17.14.36717.8 d17.14
MinimumVisualStudioVersion = 10.0.40219.1
Project("{FAE04EC0-301F-11D3-BF4B-00C04F79EFBC}") = "2025_26", "2025_26\2025_26.csproj", "{C60D935A-332E-47D8-A2F8-05377B04A61B}"
EndProject
Global
	GlobalSection(SolutionConfigurationPlatforms) = preSolution
		Debug|Any CPU = Debug|Any CPU
		Release|Any CPU = Release|Any CPU
	EndGlobalSection
	GlobalSection(ProjectConfigurationPlatforms) = postSolution
		{C60D935A-332E-47D8-A2F8-05377B04A61B}.Debug|Any CPU.ActiveCfg = Debug|Any CPU
		{C60D935A-332E-47D8-A2F8-05377B04A61B}.Debug|Any CPU.Build.0 = Debug|Any CPU
		{C60D935A-332E-47D8-A2F8-05377B04A61B}.Release|Any CPU.ActiveCfg = Release|Any CPU
		{C60D935A-332E-47D8-A2F8-05377B04A61B}.Release|Any CPU.Build.0 = Release|Any CPU
	EndGlobalSection
	GlobalSection(SolutionProperties) = preSolution
		HideSolutionNode = FALSE
	EndGlobalSection
	GlobalSection(ExtensibilityGlobals) = postSolution
		SolutionGuid = {2E5DC3FB-8C7A-48A2-B0EA-6689C7B3BA7E}
	EndGlobalSection
EndGlobal
